
Microsoft Visual Studio Solution File, Format Version 12.00
# Visual Studio 15
VisualStudioVersion = 15.0.27428.2005
MinimumVisualStudioVersion = 10.0.40219.1
Project("{FAE04EC0-301F-11D3-BF4B-00C04F79EFBC}") = "RandomGenerator", "RandomGenerator\RandomGenerator.csproj", "{32213AD0-BB1E-4071-B597-1AFBB344AADD}"
EndProject
Project("{FAE04EC0-301F-11D3-BF4B-00C04F79EFBC}") = "RandomGenerator.Tests", "RandomGenerator.Tests\RandomGenerator.Tests.csproj", "{E1D68483-4108-4038-8054-16F4A00F4B55}"
EndProject
Global
	GlobalSection(SolutionConfigurationPlatforms) = preSolution
		Debug|Any CPU = Debug|Any CPU
		Release|Any CPU = Release|Any CPU
	EndGlobalSection
	GlobalSection(ProjectConfigurationPlatforms) = postSolution
		{32213AD0-BB1E-4071-B597-1AFBB344AADD}.Debug|Any CPU.ActiveCfg = Debug|Any CPU
		{32213AD0-BB1E-4071-B597-1AFBB344AADD}.Debug|Any CPU.Build.0 = Debug|Any CPU
		{32213AD0-BB1E-4071-B597-1AFBB344AADD}.Release|Any CPU.ActiveCfg = Release|Any CPU
		{32213AD0-BB1E-4071-B597-1AFBB344AADD}.Release|Any CPU.Build.0 = Release|Any CPU
		{E1D68483-4108-4038-8054-16F4A00F4B55}.Debug|Any CPU.ActiveCfg = Debug|Any CPU
		{E1D68483-4108-4038-8054-16F4A00F4B55}.Debug|Any CPU.Build.0 = Debug|Any CPU
		{E1D68483-4108-4038-8054-16F4A00F4B55}.Release|Any CPU.ActiveCfg = Release|Any CPU
		{E1D68483-4108-4038-8054-16F4A00F4B55}.Release|Any CPU.Build.0 = Release|Any CPU
	EndGlobalSection
	GlobalSection(SolutionProperties) = preSolution
		HideSolutionNode = FALSE
	EndGlobalSection
	GlobalSection(ExtensibilityGlobals) = postSolution
		SolutionGuid = {E0DB85A0-A291-4C98-BFB2-6AEF695C2079}
	EndGlobalSection
EndGlobal
